
Microsoft Visual Studio Solution File, Format Version 12.00
# Visual Studio Version 17
VisualStudioVersion = 17.3.32929.385
MinimumVisualStudioVersion = 10.0.40219.1
Project("{FAE04EC0-301F-11D3-BF4B-00C04F79EFBC}") = "OOP_Concepts", "OOP_Concepts\OOP_Concepts.csproj", "{12EA1091-86FA-45E2-AEB4-075798A03874}"
EndProject
Global
	GlobalSection(SolutionConfigurationPlatforms) = preSolution
		Debug|Any CPU = Debug|Any CPU
		Release|Any CPU = Release|Any CPU
	EndGlobalSection
	GlobalSection(ProjectConfigurationPlatforms) = postSolution
		{12EA1091-86FA-45E2-AEB4-075798A03874}.Debug|Any CPU.ActiveCfg = Debug|Any CPU
		{12EA1091-86FA-45E2-AEB4-075798A03874}.Debug|Any CPU.Build.0 = Debug|Any CPU
		{12EA1091-86FA-45E2-AEB4-075798A03874}.Release|Any CPU.ActiveCfg = Release|Any CPU
		{12EA1091-86FA-45E2-AEB4-075798A03874}.Release|Any CPU.Build.0 = Release|Any CPU
	EndGlobalSection
	GlobalSection(SolutionProperties) = preSolution
		HideSolutionNode = FALSE
	EndGlobalSection
	GlobalSection(ExtensibilityGlobals) = postSolution
		SolutionGuid = {D7A4AEE7-2980-4604-8113-B0DC845E1018}
	EndGlobalSection
EndGlobal
